
Microsoft Visual Studio Solution File, Format Version 12.00
# Visual Studio Version 17
VisualStudioVersion = 17.5.33502.453
MinimumVisualStudioVersion = 10.0.40219.1
Project("{E24C65DC-7377-472B-9ABA-BC803B73C61A}") = "Experimental", ".", "{E45716ED-4578-415A-9F9C-2118C953B2B2}"
	ProjectSection(WebsiteProperties) = preProject
		TargetFrameworkMoniker = ".NETFramework,Version%3Dv4.8"
		Debug.AspNetCompiler.VirtualPath = "/localhost_59526"
		Debug.AspNetCompiler.PhysicalPath = "D:\Programming\HTML\Experimental\"
		Debug.AspNetCompiler.TargetPath = "PrecompiledWeb\localhost_59526\"
		Debug.AspNetCompiler.Updateable = "true"
		Debug.AspNetCompiler.ForceOverwrite = "true"
		Debug.AspNetCompiler.FixedNames = "false"
		Debug.AspNetCompiler.Debug = "True"
		Release.AspNetCompiler.VirtualPath = "/localhost_59526"
		Release.AspNetCompiler.PhysicalPath = "D:\Programming\HTML\Experimental\"
		Release.AspNetCompiler.TargetPath = "PrecompiledWeb\localhost_59526\"
		Release.AspNetCompiler.Updateable = "true"
		Release.AspNetCompiler.ForceOverwrite = "true"
		Release.AspNetCompiler.FixedNames = "false"
		Release.AspNetCompiler.Debug = "False"
		VWDPort = "59526"
	EndProjectSection
EndProject
Global
	GlobalSection(SolutionConfigurationPlatforms) = preSolution
		Debug|Any CPU = Debug|Any CPU
	EndGlobalSection
	GlobalSection(ProjectConfigurationPlatforms) = postSolution
		{E45716ED-4578-415A-9F9C-2118C953B2B2}.Debug|Any CPU.ActiveCfg = Debug|Any CPU
		{E45716ED-4578-415A-9F9C-2118C953B2B2}.Debug|Any CPU.Build.0 = Debug|Any CPU
	EndGlobalSection
	GlobalSection(SolutionProperties) = preSolution
		HideSolutionNode = FALSE
	EndGlobalSection
	GlobalSection(ExtensibilityGlobals) = postSolution
		SolutionGuid = {E8B77AD2-E347-45DC-8FBB-63C2250DA6D0}
	EndGlobalSection
EndGlobal
