
Microsoft Visual Studio Solution File, Format Version 12.00
# Visual Studio Version 17
VisualStudioVersion = 17.5.33502.453
MinimumVisualStudioVersion = 10.0.40219.1
Project("{9092AA53-FB77-4645-B42D-1CCCA6BD08BD}") = "WebCalculators", "WebCalculators.njsproj", "{875A6BA0-CA12-4295-8434-54F1F92FF35A}"
EndProject
Global
	GlobalSection(SolutionConfigurationPlatforms) = preSolution
		Debug|Any CPU = Debug|Any CPU
		Release|Any CPU = Release|Any CPU
	EndGlobalSection
	GlobalSection(ProjectConfigurationPlatforms) = postSolution
		{875A6BA0-CA12-4295-8434-54F1F92FF35A}.Debug|Any CPU.ActiveCfg = Debug|Any CPU
		{875A6BA0-CA12-4295-8434-54F1F92FF35A}.Debug|Any CPU.Build.0 = Debug|Any CPU
		{875A6BA0-CA12-4295-8434-54F1F92FF35A}.Release|Any CPU.ActiveCfg = Release|Any CPU
		{875A6BA0-CA12-4295-8434-54F1F92FF35A}.Release|Any CPU.Build.0 = Release|Any CPU
	EndGlobalSection
	GlobalSection(SolutionProperties) = preSolution
		HideSolutionNode = FALSE
	EndGlobalSection
	GlobalSection(ExtensibilityGlobals) = postSolution
		SolutionGuid = {0CBF14AB-A841-4030-9CB8-2258BA251FDD}
	EndGlobalSection
EndGlobal
